// !$*UTF8*$!
{
	archiveVersion = 1;
	classes = {
	};
	objectVersion = 48;
	objects = {

/* Begin PBXBuildFile section */
		0D6799E720FB05E500380935 /* ResultsViewController.swift in Sources */ = {isa = PBXBuildFile; fileRef = 0D6799E620FB05E500380935 /* ResultsViewController.swift */; };
		8B548C4B20E3EA4400EFA21D /* AppDelegate.swift in Sources */ = {isa = PBXBuildFile; fileRef = 8B548C4A20E3EA4400EFA21D /* AppDelegate.swift */; };
		8B548C4D20E3EA4400EFA21D /* ViewController.swift in Sources */ = {isa = PBXBuildFile; fileRef = 8B548C4C20E3EA4400EFA21D /* ViewController.swift */; };
		8B548C5020E3EA4400EFA21D /* Main.storyboard in Resources */ = {isa = PBXBuildFile; fileRef = 8B548C4E20E3EA4400EFA21D /* Main.storyboard */; };
		8B548C5220E3EA4400EFA21D /* Assets.xcassets in Resources */ = {isa = PBXBuildFile; fileRef = 8B548C5120E3EA4400EFA21D /* Assets.xcassets */; };
		8B548C5520E3EA4400EFA21D /* LaunchScreen.storyboard in Resources */ = {isa = PBXBuildFile; fileRef = 8B548C5320E3EA4400EFA21D /* LaunchScreen.storyboard */; };
		8B548C6020E3EA4400EFA21D /* QuizzTests.swift in Sources */ = {isa = PBXBuildFile; fileRef = 8B548C5F20E3EA4400EFA21D /* QuizzTests.swift */; };
		8B548C6B20E3EA4400EFA21D /* QuizzUITests.swift in Sources */ = {isa = PBXBuildFile; fileRef = 8B548C6A20E3EA4400EFA21D /* QuizzUITests.swift */; };
		8B64656B20EA84BE0089292D /* QuestionViewController.swift in Sources */ = {isa = PBXBuildFile; fileRef = 8B64656A20EA84BE0089292D /* QuestionViewController.swift */; };
/* End PBXBuildFile section */

/* Begin PBXContainerItemProxy section */
		8B548C5C20E3EA4400EFA21D /* PBXContainerItemProxy */ = {
			isa = PBXContainerItemProxy;
			containerPortal = 8B548C3F20E3EA4400EFA21D /* Project object */;
			proxyType = 1;
			remoteGlobalIDString = 8B548C4620E3EA4400EFA21D;
			remoteInfo = Quizz;
		};
		8B548C6720E3EA4400EFA21D /* PBXContainerItemProxy */ = {
			isa = PBXContainerItemProxy;
			containerPortal = 8B548C3F20E3EA4400EFA21D /* Project object */;
			proxyType = 1;
			remoteGlobalIDString = 8B548C4620E3EA4400EFA21D;
			remoteInfo = Quizz;
		};
/* End PBXContainerItemProxy section */

/* Begin PBXFileReference section */
		0D6799E620FB05E500380935 /* ResultsViewController.swift */ = {isa = PBXFileReference; lastKnownFileType = sourcecode.swift; path = ResultsViewController.swift; sourceTree = "<group>"; };
		8B548C4720E3EA4400EFA21D /* Quizz.app */ = {isa = PBXFileReference; explicitFileType = wrapper.application; includeInIndex = 0; path = Quizz.app; sourceTree = BUILT_PRODUCTS_DIR; };
		8B548C4A20E3EA4400EFA21D /* AppDelegate.swift */ = {isa = PBXFileReference; lastKnownFileType = sourcecode.swift; path = AppDelegate.swift; sourceTree = "<group>"; };
		8B548C4C20E3EA4400EFA21D /* ViewController.swift */ = {isa = PBXFileReference; lastKnownFileType = sourcecode.swift; path = ViewController.swift; sourceTree = "<group>"; };
		8B548C4F20E3EA4400EFA21D /* Base */ = {isa = PBXFileReference; lastKnownFileType = file.storyboard; name = Base; path = Base.lproj/Main.storyboard; sourceTree = "<group>"; };
		8B548C5120E3EA4400EFA21D /* Assets.xcassets */ = {isa = PBXFileReference; lastKnownFileType = folder.assetcatalog; path = Assets.xcassets; sourceTree = "<group>"; };
		8B548C5420E3EA4400EFA21D /* Base */ = {isa = PBXFileReference; lastKnownFileType = file.storyboard; name = Base; path = Base.lproj/LaunchScreen.storyboard; sourceTree = "<group>"; };
		8B548C5620E3EA4400EFA21D /* Info.plist */ = {isa = PBXFileReference; lastKnownFileType = text.plist.xml; path = Info.plist; sourceTree = "<group>"; };
		8B548C5B20E3EA4400EFA21D /* QuizzTests.xctest */ = {isa = PBXFileReference; explicitFileType = wrapper.cfbundle; includeInIndex = 0; path = QuizzTests.xctest; sourceTree = BUILT_PRODUCTS_DIR; };
		8B548C5F20E3EA4400EFA21D /* QuizzTests.swift */ = {isa = PBXFileReference; lastKnownFileType = sourcecode.swift; path = QuizzTests.swift; sourceTree = "<group>"; };
		8B548C6120E3EA4400EFA21D /* Info.plist */ = {isa = PBXFileReference; lastKnownFileType = text.plist.xml; path = Info.plist; sourceTree = "<group>"; };
		8B548C6620E3EA4400EFA21D /* QuizzUITests.xctest */ = {isa = PBXFileReference; explicitFileType = wrapper.cfbundle; includeInIndex = 0; path = QuizzUITests.xctest; sourceTree = BUILT_PRODUCTS_DIR; };
		8B548C6A20E3EA4400EFA21D /* QuizzUITests.swift */ = {isa = PBXFileReference; lastKnownFileType = sourcecode.swift; path = QuizzUITests.swift; sourceTree = "<group>"; };
		8B548C6C20E3EA4400EFA21D /* Info.plist */ = {isa = PBXFileReference; lastKnownFileType = text.plist.xml; path = Info.plist; sourceTree = "<group>"; };
		8B64656A20EA84BE0089292D /* QuestionViewController.swift */ = {isa = PBXFileReference; lastKnownFileType = sourcecode.swift; path = QuestionViewController.swift; sourceTree = "<group>"; };
/* End PBXFileReference section */

/* Begin PBXFrameworksBuildPhase section */
		8B548C4420E3EA4400EFA21D /* Frameworks */ = {
			isa = PBXFrameworksBuildPhase;
			buildActionMask = 2147483647;
			files = (
			);
			runOnlyForDeploymentPostprocessing = 0;
		};
		8B548C5820E3EA4400EFA21D /* Frameworks */ = {
			isa = PBXFrameworksBuildPhase;
			buildActionMask = 2147483647;
			files = (
			);
			runOnlyForDeploymentPostprocessing = 0;
		};
		8B548C6320E3EA4400EFA21D /* Frameworks */ = {
			isa = PBXFrameworksBuildPhase;
			buildActionMask = 2147483647;
			files = (
			);
			runOnlyForDeploymentPostprocessing = 0;
		};
/* End PBXFrameworksBuildPhase section */

/* Begin PBXGroup section */
		8B548C3E20E3EA4400EFA21D = {
			isa = PBXGroup;
			children = (
				8B548C4920E3EA4400EFA21D /* Quizz */,
				8B548C5E20E3EA4400EFA21D /* QuizzTests */,
				8B548C6920E3EA4400EFA21D /* QuizzUITests */,
				8B548C4820E3EA4400EFA21D /* Products */,
			);
			sourceTree = "<group>";
		};
		8B548C4820E3EA4400EFA21D /* Products */ = {
			isa = PBXGroup;
			children = (
				8B548C4720E3EA4400EFA21D /* Quizz.app */,
				8B548C5B20E3EA4400EFA21D /* QuizzTests.xctest */,
				8B548C6620E3EA4400EFA21D /* QuizzUITests.xctest */,
			);
			name = Products;
			sourceTree = "<group>";
		};
		8B548C4920E3EA4400EFA21D /* Quizz */ = {
			isa = PBXGroup;
			children = (
				8B548C4A20E3EA4400EFA21D /* AppDelegate.swift */,
				8B64656A20EA84BE0089292D /* QuestionViewController.swift */,
				8B548C4C20E3EA4400EFA21D /* ViewController.swift */,
				8B548C4E20E3EA4400EFA21D /* Main.storyboard */,
				8B548C5120E3EA4400EFA21D /* Assets.xcassets */,
				8B548C5320E3EA4400EFA21D /* LaunchScreen.storyboard */,
				8B548C5620E3EA4400EFA21D /* Info.plist */,
				0D6799E620FB05E500380935 /* ResultsViewController.swift */,
			);
			path = Quizz;
			sourceTree = "<group>";
		};
		8B548C5E20E3EA4400EFA21D /* QuizzTests */ = {
			isa = PBXGroup;
			children = (
				8B548C5F20E3EA4400EFA21D /* QuizzTests.swift */,
				8B548C6120E3EA4400EFA21D /* Info.plist */,
			);
			path = QuizzTests;
			sourceTree = "<group>";
		};
		8B548C6920E3EA4400EFA21D /* QuizzUITests */ = {
			isa = PBXGroup;
			children = (
				8B548C6A20E3EA4400EFA21D /* QuizzUITests.swift */,
				8B548C6C20E3EA4400EFA21D /* Info.plist */,
			);
			path = QuizzUITests;
			sourceTree = "<group>";
		};
/* End PBXGroup section */

/* Begin PBXNativeTarget section */
		8B548C4620E3EA4400EFA21D /* Quizz */ = {
			isa = PBXNativeTarget;
			buildConfigurationList = 8B548C6F20E3EA4400EFA21D /* Build configuration list for PBXNativeTarget "Quizz" */;
			buildPhases = (
				8B548C4320E3EA4400EFA21D /* Sources */,
				8B548C4420E3EA4400EFA21D /* Frameworks */,
				8B548C4520E3EA4400EFA21D /* Resources */,
			);
			buildRules = (
			);
			dependencies = (
			);
			name = Quizz;
			productName = Quizz;
			productReference = 8B548C4720E3EA4400EFA21D /* Quizz.app */;
			productType = "com.apple.product-type.application";
		};
		8B548C5A20E3EA4400EFA21D /* QuizzTests */ = {
			isa = PBXNativeTarget;
			buildConfigurationList = 8B548C7220E3EA4400EFA21D /* Build configuration list for PBXNativeTarget "QuizzTests" */;
			buildPhases = (
				8B548C5720E3EA4400EFA21D /* Sources */,
				8B548C5820E3EA4400EFA21D /* Frameworks */,
				8B548C5920E3EA4400EFA21D /* Resources */,
			);
			buildRules = (
			);
			dependencies = (
				8B548C5D20E3EA4400EFA21D /* PBXTargetDependency */,
			);
			name = QuizzTests;
			productName = QuizzTests;
			productReference = 8B548C5B20E3EA4400EFA21D /* QuizzTests.xctest */;
			productType = "com.apple.product-type.bundle.unit-test";
		};
		8B548C6520E3EA4400EFA21D /* QuizzUITests */ = {
			isa = PBXNativeTarget;
			buildConfigurationList = 8B548C7520E3EA4400EFA21D /* Build configuration list for PBXNativeTarget "QuizzUITests" */;
			buildPhases = (
				8B548C6220E3EA4400EFA21D /* Sources */,
				8B548C6320E3EA4400EFA21D /* Frameworks */,
				8B548C6420E3EA4400EFA21D /* Resources */,
			);
			buildRules = (
			);
			dependencies = (
				8B548C6820E3EA4400EFA21D /* PBXTargetDependency */,
			);
			name = QuizzUITests;
			productName = QuizzUITests;
			productReference = 8B548C6620E3EA4400EFA21D /* QuizzUITests.xctest */;
			productType = "com.apple.product-type.bundle.ui-testing";
		};
/* End PBXNativeTarget section */

/* Begin PBXProject section */
		8B548C3F20E3EA4400EFA21D /* Project object */ = {
			isa = PBXProject;
			attributes = {
				LastSwiftUpdateCheck = 0910;
				LastUpgradeCheck = 0910;
				ORGANIZATIONNAME = Developer;
				TargetAttributes = {
					8B548C4620E3EA4400EFA21D = {
						CreatedOnToolsVersion = 9.1;
						ProvisioningStyle = Automatic;
					};
					8B548C5A20E3EA4400EFA21D = {
						CreatedOnToolsVersion = 9.1;
						ProvisioningStyle = Automatic;
						TestTargetID = 8B548C4620E3EA4400EFA21D;
					};
					8B548C6520E3EA4400EFA21D = {
						CreatedOnToolsVersion = 9.1;
						ProvisioningStyle = Automatic;
						TestTargetID = 8B548C4620E3EA4400EFA21D;
					};
				};
			};
			buildConfigurationList = 8B548C4220E3EA4400EFA21D /* Build configuration list for PBXProject "Quizz" */;
			compatibilityVersion = "Xcode 8.0";
			developmentRegion = en;
			hasScannedForEncodings = 0;
			knownRegions = (
				en,
				Base,
			);
			mainGroup = 8B548C3E20E3EA4400EFA21D;
			productRefGroup = 8B548C4820E3EA4400EFA21D /* Products */;
			projectDirPath = "";
			projectRoot = "";
			targets = (
				8B548C4620E3EA4400EFA21D /* Quizz */,
				8B548C5A20E3EA4400EFA21D /* QuizzTests */,
				8B548C6520E3EA4400EFA21D /* QuizzUITests */,
			);
		};
/* End PBXProject section */

/* Begin PBXResourcesBuildPhase section */
		8B548C4520E3EA4400EFA21D /* Resources */ = {
			isa = PBXResourcesBuildPhase;
			buildActionMask = 2147483647;
			files = (
				8B548C5520E3EA4400EFA21D /* LaunchScreen.storyboard in Resources */,
				8B548C5220E3EA4400EFA21D /* Assets.xcassets in Resources */,
				8B548C5020E3EA4400EFA21D /* Main.storyboard in Resources */,
			);
			runOnlyForDeploymentPostprocessing = 0;
		};
		8B548C5920E3EA4400EFA21D /* Resources */ = {
			isa = PBXResourcesBuildPhase;
			buildActionMask = 2147483647;
			files = (
			);
			runOnlyForDeploymentPostprocessing = 0;
		};
		8B548C6420E3EA4400EFA21D /* Resources */ = {
			isa = PBXResourcesBuildPhase;
			buildActionMask = 2147483647;
			files = (
			);
			runOnlyForDeploymentPostprocessing = 0;
		};
/* End PBXResourcesBuildPhase section */

/* Begin PBXSourcesBuildPhase section */
		8B548C4320E3EA4400EFA21D /* Sources */ = {
			isa = PBXSourcesBuildPhase;
			buildActionMask = 2147483647;
			files = (
				8B548C4D20E3EA4400EFA21D /* ViewController.swift in Sources */,
				8B548C4B20E3EA4400EFA21D /* AppDelegate.swift in Sources */,
				8B64656B20EA84BE0089292D /* QuestionViewController.swift in Sources */,
				0D6799E720FB05E500380935 /* ResultsViewController.swift in Sources */,
			);
			runOnlyForDeploymentPostprocessing = 0;
		};
		8B548C5720E3EA4400EFA21D /* Sources */ = {
			isa = PBXSourcesBuildPhase;
			buildActionMask = 2147483647;
			files = (
				8B548C6020E3EA4400EFA21D /* QuizzTests.swift in Sources */,
			);
			runOnlyForDeploymentPostprocessing = 0;
		};
		8B548C6220E3EA4400EFA21D /* Sources */ = {
			isa = PBXSourcesBuildPhase;
			buildActionMask = 2147483647;
			files = (
				8B548C6B20E3EA4400EFA21D /* QuizzUITests.swift in Sources */,
			);
			runOnlyForDeploymentPostprocessing = 0;
		};
/* End PBXSourcesBuildPhase section */

/* Begin PBXTargetDependency section */
		8B548C5D20E3EA4400EFA21D /* PBXTargetDependency */ = {
			isa = PBXTargetDependency;
			target = 8B548C4620E3EA4400EFA21D /* Quizz */;
			targetProxy = 8B548C5C20E3EA4400EFA21D /* PBXContainerItemProxy */;
		};
		8B548C6820E3EA4400EFA21D /* PBXTargetDependency */ = {
			isa = PBXTargetDependency;
			target = 8B548C4620E3EA4400EFA21D /* Quizz */;
			targetProxy = 8B548C6720E3EA4400EFA21D /* PBXContainerItemProxy */;
		};
/* End PBXTargetDependency section */

/* Begin PBXVariantGroup section */
		8B548C4E20E3EA4400EFA21D /* Main.storyboard */ = {
			isa = PBXVariantGroup;
			children = (
				8B548C4F20E3EA4400EFA21D /* Base */,
			);
			name = Main.storyboard;
			sourceTree = "<group>";
		};
		8B548C5320E3EA4400EFA21D /* LaunchScreen.storyboard */ = {
			isa = PBXVariantGroup;
			children = (
				8B548C5420E3EA4400EFA21D /* Base */,
			);
			name = LaunchScreen.storyboard;
			sourceTree = "<group>";
		};
/* End PBXVariantGroup section */

/* Begin XCBuildConfiguration section */
		8B548C6D20E3EA4400EFA21D /* Debug */ = {
			isa = XCBuildConfiguration;
			buildSettings = {
				ALWAYS_SEARCH_USER_PATHS = NO;
				CLANG_ANALYZER_NONNULL = YES;
				CLANG_ANALYZER_NUMBER_OBJECT_CONVERSION = YES_AGGRESSIVE;
				CLANG_CXX_LANGUAGE_STANDARD = "gnu++14";
				CLANG_CXX_LIBRARY = "libc++";
				CLANG_ENABLE_MODULES = YES;
				CLANG_ENABLE_OBJC_ARC = YES;
				CLANG_WARN_BLOCK_CAPTURE_AUTORELEASING = YES;
				CLANG_WARN_BOOL_CONVERSION = YES;
				CLANG_WARN_COMMA = YES;
				CLANG_WARN_CONSTANT_CONVERSION = YES;
				CLANG_WARN_DIRECT_OBJC_ISA_USAGE = YES_ERROR;
				CLANG_WARN_DOCUMENTATION_COMMENTS = YES;
				CLANG_WARN_EMPTY_BODY = YES;
				CLANG_WARN_ENUM_CONVERSION = YES;
				CLANG_WARN_INFINITE_RECURSION = YES;
				CLANG_WARN_INT_CONVERSION = YES;
				CLANG_WARN_NON_LITERAL_NULL_CONVERSION = YES;
				CLANG_WARN_OBJC_LITERAL_CONVERSION = YES;
				CLANG_WARN_OBJC_ROOT_CLASS = YES_ERROR;
				CLANG_WARN_RANGE_LOOP_ANALYSIS = YES;
				CLANG_WARN_STRICT_PROTOTYPES = YES;
				CLANG_WARN_SUSPICIOUS_MOVE = YES;
				CLANG_WARN_UNGUARDED_AVAILABILITY = YES_AGGRESSIVE;
				CLANG_WARN_UNREACHABLE_CODE = YES;
				CLANG_WARN__DUPLICATE_METHOD_MATCH = YES;
				CODE_SIGN_IDENTITY = "iPhone Developer";
				COPY_PHASE_STRIP = NO;
				DEBUG_INFORMATION_FORMAT = dwarf;
				ENABLE_STRICT_OBJC_MSGSEND = YES;
				ENABLE_TESTABILITY = YES;
				GCC_C_LANGUAGE_STANDARD = gnu11;
				GCC_DYNAMIC_NO_PIC = NO;
				GCC_NO_COMMON_BLOCKS = YES;
				GCC_OPTIMIZATION_LEVEL = 0;
				GCC_PREPROCESSOR_DEFINITIONS = (
					"DEBUG=1",
					"$(inherited)",
				);
				GCC_WARN_64_TO_32_BIT_CONVERSION = YES;
				GCC_WARN_ABOUT_RETURN_TYPE = YES_ERROR;
				GCC_WARN_UNDECLARED_SELECTOR = YES;
				GCC_WARN_UNINITIALIZED_AUTOS = YES_AGGRESSIVE;
				GCC_WARN_UNUSED_FUNCTION = YES;
				GCC_WARN_UNUSED_VARIABLE = YES;
				IPHONEOS_DEPLOYMENT_TARGET = 11.1;
				MTL_ENABLE_DEBUG_INFO = YES;
				ONLY_ACTIVE_ARCH = YES;
				SDKROOT = iphoneos;
				SWIFT_ACTIVE_COMPILATION_CONDITIONS = DEBUG;
				SWIFT_OPTIMIZATION_LEVEL = "-Onone";
			};
			name = Debug;
		};
		8B548C6E20E3EA4400EFA21D /* Release */ = {
			isa = XCBuildConfiguration;
			buildSettings = {
				ALWAYS_SEARCH_USER_PATHS = NO;
				CLANG_ANALYZER_NONNULL = YES;
				CLANG_ANALYZER_NUMBER_OBJECT_CONVERSION = YES_AGGRESSIVE;
				CLANG_CXX_LANGUAGE_STANDARD = "gnu++14";
				CLANG_CXX_LIBRARY = "libc++";
				CLANG_ENABLE_MODULES = YES;
				CLANG_ENABLE_OBJC_ARC = YES;
				CLANG_WARN_BLOCK_CAPTURE_AUTORELEASING = YES;
				CLANG_WARN_BOOL_CONVERSION = YES;
				CLANG_WARN_COMMA = YES;
				CLANG_WARN_CONSTANT_CONVERSION = YES;
				CLANG_WARN_DIRECT_OBJC_ISA_USAGE = YES_ERROR;
				CLANG_WARN_DOCUMENTATION_COMMENTS = YES;
				CLANG_WARN_EMPTY_BODY = YES;
				CLANG_WARN_ENUM_CONVERSION = YES;
				CLANG_WARN_INFINITE_RECURSION = YES;
				CLANG_WARN_INT_CONVERSION = YES;
				CLANG_WARN_NON_LITERAL_NULL_CONVERSION = YES;
				CLANG_WARN_OBJC_LITERAL_CONVERSION = YES;
				CLANG_WARN_OBJC_ROOT_CLASS = YES_ERROR;
				CLANG_WARN_RANGE_LOOP_ANALYSIS = YES;
				CLANG_WARN_STRICT_PROTOTYPES = YES;
				CLANG_WARN_SUSPICIOUS_MOVE = YES;
				CLANG_WARN_UNGUARDED_AVAILABILITY = YES_AGGRESSIVE;
				CLANG_WARN_UNREACHABLE_CODE = YES;
				CLANG_WARN__DUPLICATE_METHOD_MATCH = YES;
				CODE_SIGN_IDENTITY = "iPhone Developer";
				COPY_PHASE_STRIP = NO;
				DEBUG_INFORMATION_FORMAT = "dwarf-with-dsym";
				ENABLE_NS_ASSERTIONS = NO;
				ENABLE_STRICT_OBJC_MSGSEND = YES;
				GCC_C_LANGUAGE_STANDARD = gnu11;
				GCC_NO_COMMON_BLOCKS = YES;
				GCC_WARN_64_TO_32_BIT_CONVERSION = YES;
				GCC_WARN_ABOUT_RETURN_TYPE = YES_ERROR;
				GCC_WARN_UNDECLARED_SELECTOR = YES;
				GCC_WARN_UNINITIALIZED_AUTOS = YES_AGGRESSIVE;
				GCC_WARN_UNUSED_FUNCTION = YES;
				GCC_WARN_UNUSED_VARIABLE = YES;
				IPHONEOS_DEPLOYMENT_TARGET = 11.1;
				MTL_ENABLE_DEBUG_INFO = NO;
				SDKROOT = iphoneos;
				SWIFT_OPTIMIZATION_LEVEL = "-Owholemodule";
				VALIDATE_PRODUCT = YES;
			};
			name = Release;
		};
		8B548C7020E3EA4400EFA21D /* Debug */ = {
			isa = XCBuildConfiguration;
			buildSettings = {
				ASSETCATALOG_COMPILER_APPICON_NAME = AppIcon;
				CODE_SIGN_STYLE = Automatic;
				INFOPLIST_FILE = Quizz/Info.plist;
				LD_RUNPATH_SEARCH_PATHS = "$(inherited) @executable_path/Frameworks";
				PRODUCT_BUNDLE_IDENTIFIER = quizzesgi.Quizz;
				PRODUCT_NAME = "$(TARGET_NAME)";
				SWIFT_VERSION = 4.0;
				TARGETED_DEVICE_FAMILY = "1,2";
			};
			name = Debug;
		};
		8B548C7120E3EA4400EFA21D /* Release */ = {
			isa = XCBuildConfiguration;
			buildSettings = {
				ASSETCATALOG_COMPILER_APPICON_NAME = AppIcon;
				CODE_SIGN_STYLE = Automatic;
				INFOPLIST_FILE = Quizz/Info.plist;
				LD_RUNPATH_SEARCH_PATHS = "$(inherited) @executable_path/Frameworks";
				PRODUCT_BUNDLE_IDENTIFIER = quizzesgi.Quizz;
				PRODUCT_NAME = "$(TARGET_NAME)";
				SWIFT_VERSION = 4.0;
				TARGETED_DEVICE_FAMILY = "1,2";
			};
			name = Release;
		};
		8B548C7320E3EA4400EFA21D /* Debug */ = {
			isa = XCBuildConfiguration;
			buildSettings = {
				ALWAYS_EMBED_SWIFT_STANDARD_LIBRARIES = YES;
				BUNDLE_LOADER = "$(TEST_HOST)";
				CODE_SIGN_STYLE = Automatic;
				INFOPLIST_FILE = QuizzTests/Info.plist;
				LD_RUNPATH_SEARCH_PATHS = "$(inherited) @executable_path/Frameworks @loader_path/Frameworks";
				PRODUCT_BUNDLE_IDENTIFIER = quizzesgi.QuizzTests;
				PRODUCT_NAME = "$(TARGET_NAME)";
				SWIFT_VERSION = 4.0;
				TARGETED_DEVICE_FAMILY = "1,2";
				TEST_HOST = "$(BUILT_PRODUCTS_DIR)/Quizz.app/Quizz";
			};
			name = Debug;
		};
		8B548C7420E3EA4400EFA21D /* Release */ = {
			isa = XCBuildConfiguration;
			buildSettings = {
				ALWAYS_EMBED_SWIFT_STANDARD_LIBRARIES = YES;
				BUNDLE_LOADER = "$(TEST_HOST)";
				CODE_SIGN_STYLE = Automatic;
				INFOPLIST_FILE = QuizzTests/Info.plist;
				LD_RUNPATH_SEARCH_PATHS = "$(inherited) @executable_path/Frameworks @loader_path/Frameworks";
				PRODUCT_BUNDLE_IDENTIFIER = quizzesgi.QuizzTests;
				PRODUCT_NAME = "$(TARGET_NAME)";
				SWIFT_VERSION = 4.0;
				TARGETED_DEVICE_FAMILY = "1,2";
				TEST_HOST = "$(BUILT_PRODUCTS_DIR)/Quizz.app/Quizz";
			};
			name = Release;
		};
		8B548C7620E3EA4400EFA21D /* Debug */ = {
			isa = XCBuildConfiguration;
			buildSettings = {
				ALWAYS_EMBED_SWIFT_STANDARD_LIBRARIES = YES;
				CODE_SIGN_STYLE = Automatic;
				INFOPLIST_FILE = QuizzUITests/Info.plist;
				LD_RUNPATH_SEARCH_PATHS = "$(inherited) @executable_path/Frameworks @loader_path/Frameworks";
				PRODUCT_BUNDLE_IDENTIFIER = quizzesgi.QuizzUITests;
				PRODUCT_NAME = "$(TARGET_NAME)";
				SWIFT_VERSION = 4.0;
				TARGETED_DEVICE_FAMILY = "1,2";
				TEST_TARGET_NAME = Quizz;
			};
			name = Debug;
		};
		8B548C7720E3EA4400EFA21D /* Release */ = {
			isa = XCBuildConfiguration;
			buildSettings = {
				ALWAYS_EMBED_SWIFT_STANDARD_LIBRARIES = YES;
				CODE_SIGN_STYLE = Automatic;
				INFOPLIST_FILE = QuizzUITests/Info.plist;
				LD_RUNPATH_SEARCH_PATHS = "$(inherited) @executable_path/Frameworks @loader_path/Frameworks";
				PRODUCT_BUNDLE_IDENTIFIER = quizzesgi.QuizzUITests;
				PRODUCT_NAME = "$(TARGET_NAME)";
				SWIFT_VERSION = 4.0;
				TARGETED_DEVICE_FAMILY = "1,2";
				TEST_TARGET_NAME = Quizz;
			};
			name = Release;
		};
/* End XCBuildConfiguration section */

/* Begin XCConfigurationList section */
		8B548C4220E3EA4400EFA21D /* Build configuration list for PBXProject "Quizz" */ = {
			isa = XCConfigurationList;
			buildConfigurations = (
				8B548C6D20E3EA4400EFA21D /* Debug */,
				8B548C6E20E3EA4400EFA21D /* Release */,
			);
			defaultConfigurationIsVisible = 0;
			defaultConfigurationName = Release;
		};
		8B548C6F20E3EA4400EFA21D /* Build configuration list for PBXNativeTarget "Quizz" */ = {
			isa = XCConfigurationList;
			buildConfigurations = (
				8B548C7020E3EA4400EFA21D /* Debug */,
				8B548C7120E3EA4400EFA21D /* Release */,
			);
			defaultConfigurationIsVisible = 0;
			defaultConfigurationName = Release;
		};
		8B548C7220E3EA4400EFA21D /* Build configuration list for PBXNativeTarget "QuizzTests" */ = {
			isa = XCConfigurationList;
			buildConfigurations = (
				8B548C7320E3EA4400EFA21D /* Debug */,
				8B548C7420E3EA4400EFA21D /* Release */,
			);
			defaultConfigurationIsVisible = 0;
			defaultConfigurationName = Release;
		};
		8B548C7520E3EA4400EFA21D /* Build configuration list for PBXNativeTarget "QuizzUITests" */ = {
			isa = XCConfigurationList;
			buildConfigurations = (
				8B548C7620E3EA4400EFA21D /* Debug */,
				8B548C7720E3EA4400EFA21D /* Release */,
			);
			defaultConfigurationIsVisible = 0;
			defaultConfigurationName = Release;
		};
/* End XCConfigurationList section */
	};
	rootObject = 8B548C3F20E3EA4400EFA21D /* Project object */;
}
